// !$*UTF8*$!
{
	archiveVersion = 1;
	classes = {
	};
	objectVersion = 50;
	objects = {

/* Begin PBXBuildFile section */
		695FB237239BA6AB0051B01F /* AppDelegate.m in Sources */ = {isa = PBXBuildFile; fileRef = 695FB236239BA6AB0051B01F /* AppDelegate.m */; };
		695FB23A239BA6AB0051B01F /* SceneDelegate.m in Sources */ = {isa = PBXBuildFile; fileRef = 695FB239239BA6AB0051B01F /* SceneDelegate.m */; };
		695FB23D239BA6AB0051B01F /* ViewController.m in Sources */ = {isa = PBXBuildFile; fileRef = 695FB23C239BA6AB0051B01F /* ViewController.m */; };
		695FB240239BA6AB0051B01F /* Main.storyboard in Resources */ = {isa = PBXBuildFile; fileRef = 695FB23E239BA6AB0051B01F /* Main.storyboard */; };
		695FB242239BA6AC0051B01F /* Assets.xcassets in Resources */ = {isa = PBXBuildFile; fileRef = 695FB241239BA6AC0051B01F /* Assets.xcassets */; };
		695FB245239BA6AC0051B01F /* LaunchScreen.storyboard in Resources */ = {isa = PBXBuildFile; fileRef = 695FB243239BA6AC0051B01F /* LaunchScreen.storyboard */; };
		695FB248239BA6AC0051B01F /* main.m in Sources */ = {isa = PBXBuildFile; fileRef = 695FB247239BA6AC0051B01F /* main.m */; };
/* End PBXBuildFile section */

/* Begin PBXFileReference section */
		695FB232239BA6AB0051B01F /* StructsHomework.app */ = {isa = PBXFileReference; explicitFileType = wrapper.application; includeInIndex = 0; path = StructsHomework.app; sourceTree = BUILT_PRODUCTS_DIR; };
		695FB235239BA6AB0051B01F /* AppDelegate.h */ = {isa = PBXFileReference; lastKnownFileType = sourcecode.c.h; path = AppDelegate.h; sourceTree = "<group>"; };
		695FB236239BA6AB0051B01F /* AppDelegate.m */ = {isa = PBXFileReference; lastKnownFileType = sourcecode.c.objc; path = AppDelegate.m; sourceTree = "<group>"; };
		695FB238239BA6AB0051B01F /* SceneDelegate.h */ = {isa = PBXFileReference; lastKnownFileType = sourcecode.c.h; path = SceneDelegate.h; sourceTree = "<group>"; };
		695FB239239BA6AB0051B01F /* SceneDelegate.m */ = {isa = PBXFileReference; lastKnownFileType = sourcecode.c.objc; path = SceneDelegate.m; sourceTree = "<group>"; };
		695FB23B239BA6AB0051B01F /* ViewController.h */ = {isa = PBXFileReference; lastKnownFileType = sourcecode.c.h; path = ViewController.h; sourceTree = "<group>"; };
		695FB23C239BA6AB0051B01F /* ViewController.m */ = {isa = PBXFileReference; lastKnownFileType = sourcecode.c.objc; path = ViewController.m; sourceTree = "<group>"; };
		695FB23F239BA6AB0051B01F /* Base */ = {isa = PBXFileReference; lastKnownFileType = file.storyboard; name = Base; path = Base.lproj/Main.storyboard; sourceTree = "<group>"; };
		695FB241239BA6AC0051B01F /* Assets.xcassets */ = {isa = PBXFileReference; lastKnownFileType = folder.assetcatalog; path = Assets.xcassets; sourceTree = "<group>"; };
		695FB244239BA6AC0051B01F /* Base */ = {isa = PBXFileReference; lastKnownFileType = file.storyboard; name = Base; path = Base.lproj/LaunchScreen.storyboard; sourceTree = "<group>"; };
		695FB246239BA6AC0051B01F /* Info.plist */ = {isa = PBXFileReference; lastKnownFileType = text.plist.xml; path = Info.plist; sourceTree = "<group>"; };
		695FB247239BA6AC0051B01F /* main.m */ = {isa = PBXFileReference; lastKnownFileType = sourcecode.c.objc; path = main.m; sourceTree = "<group>"; };
/* End PBXFileReference section */

/* Begin PBXFrameworksBuildPhase section */
		695FB22F239BA6AB0051B01F /* Frameworks */ = {
			isa = PBXFrameworksBuildPhase;
			buildActionMask = 2147483647;
			files = (
			);
			runOnlyForDeploymentPostprocessing = 0;
		};
/* End PBXFrameworksBuildPhase section */

/* Begin PBXGroup section */
		695FB229239BA6AA0051B01F = {
			isa = PBXGroup;
			children = (
				695FB234239BA6AB0051B01F /* StructsHomework */,
				695FB233239BA6AB0051B01F /* Products */,
			);
			sourceTree = "<group>";
		};
		695FB233239BA6AB0051B01F /* Products */ = {
			isa = PBXGroup;
			children = (
				695FB232239BA6AB0051B01F /* StructsHomework.app */,
			);
			name = Products;
			sourceTree = "<group>";
		};
		695FB234239BA6AB0051B01F /* StructsHomework */ = {
			isa = PBXGroup;
			children = (
				695FB235239BA6AB0051B01F /* AppDelegate.h */,
				695FB236239BA6AB0051B01F /* AppDelegate.m */,
				695FB238239BA6AB0051B01F /* SceneDelegate.h */,
				695FB239239BA6AB0051B01F /* SceneDelegate.m */,
				695FB23B239BA6AB0051B01F /* ViewController.h */,
				695FB23C239BA6AB0051B01F /* ViewController.m */,
				695FB23E239BA6AB0051B01F /* Main.storyboard */,
				695FB241239BA6AC0051B01F /* Assets.xcassets */,
				695FB243239BA6AC0051B01F /* LaunchScreen.storyboard */,
				695FB246239BA6AC0051B01F /* Info.plist */,
				695FB247239BA6AC0051B01F /* main.m */,
			);
			path = StructsHomework;
			sourceTree = "<group>";
		};
/* End PBXGroup section */

/* Begin PBXNativeTarget section */
		695FB231239BA6AB0051B01F /* StructsHomework */ = {
			isa = PBXNativeTarget;
			buildConfigurationList = 695FB24B239BA6AC0051B01F /* Build configuration list for PBXNativeTarget "StructsHomework" */;
			buildPhases = (
				695FB22E239BA6AB0051B01F /* Sources */,
				695FB22F239BA6AB0051B01F /* Frameworks */,
				695FB230239BA6AB0051B01F /* Resources */,
			);
			buildRules = (
			);
			dependencies = (
			);
			name = StructsHomework;
			productName = StructsHomework;
			productReference = 695FB232239BA6AB0051B01F /* StructsHomework.app */;
			productType = "com.apple.product-type.application";
		};
/* End PBXNativeTarget section */

/* Begin PBXProject section */
		695FB22A239BA6AA0051B01F /* Project object */ = {
			isa = PBXProject;
			attributes = {
				LastUpgradeCheck = 1120;
				ORGANIZATIONNAME = Buckwheat;
				TargetAttributes = {
					695FB231239BA6AB0051B01F = {
						CreatedOnToolsVersion = 11.2.1;
					};
				};
			};
			buildConfigurationList = 695FB22D239BA6AA0051B01F /* Build configuration list for PBXProject "StructsHomework" */;
			compatibilityVersion = "Xcode 9.3";
			developmentRegion = en;
			hasScannedForEncodings = 0;
			knownRegions = (
				en,
				Base,
			);
			mainGroup = 695FB229239BA6AA0051B01F;
			productRefGroup = 695FB233239BA6AB0051B01F /* Products */;
			projectDirPath = "";
			projectRoot = "";
			targets = (
				695FB231239BA6AB0051B01F /* StructsHomework */,
			);
		};
/* End PBXProject section */

/* Begin PBXResourcesBuildPhase section */
		695FB230239BA6AB0051B01F /* Resources */ = {
			isa = PBXResourcesBuildPhase;
			buildActionMask = 2147483647;
			files = (
				695FB245239BA6AC0051B01F /* LaunchScreen.storyboard in Resources */,
				695FB242239BA6AC0051B01F /* Assets.xcassets in Resources */,
				695FB240239BA6AB0051B01F /* Main.storyboard in Resources */,
			);
			runOnlyForDeploymentPostprocessing = 0;
		};
/* End PBXResourcesBuildPhase section */

/* Begin PBXSourcesBuildPhase section */
		695FB22E239BA6AB0051B01F /* Sources */ = {
			isa = PBXSourcesBuildPhase;
			buildActionMask = 2147483647;
			files = (
				695FB23D239BA6AB0051B01F /* ViewController.m in Sources */,
				695FB237239BA6AB0051B01F /* AppDelegate.m in Sources */,
				695FB248239BA6AC0051B01F /* main.m in Sources */,
				695FB23A239BA6AB0051B01F /* SceneDelegate.m in Sources */,
			);
			runOnlyForDeploymentPostprocessing = 0;
		};
/* End PBXSourcesBuildPhase section */

/* Begin PBXVariantGroup section */
		695FB23E239BA6AB0051B01F /* Main.storyboard */ = {
			isa = PBXVariantGroup;
			children = (
				695FB23F239BA6AB0051B01F /* Base */,
			);
			name = Main.storyboard;
			sourceTree = "<group>";
		};
		695FB243239BA6AC0051B01F /* LaunchScreen.storyboard */ = {
			isa = PBXVariantGroup;
			children = (
				695FB244239BA6AC0051B01F /* Base */,
			);
			name = LaunchScreen.storyboard;
			sourceTree = "<group>";
		};
/* End PBXVariantGroup section */

/* Begin XCBuildConfiguration section */
		695FB249239BA6AC0051B01F /* Debug */ = {
			isa = XCBuildConfiguration;
			buildSettings = {
				ALWAYS_SEARCH_USER_PATHS = NO;
				CLANG_ANALYZER_NONNULL = YES;
				CLANG_ANALYZER_NUMBER_OBJECT_CONVERSION = YES_AGGRESSIVE;
				CLANG_CXX_LANGUAGE_STANDARD = "gnu++14";
				CLANG_CXX_LIBRARY = "libc++";
				CLANG_ENABLE_MODULES = YES;
				CLANG_ENABLE_OBJC_ARC = YES;
				CLANG_ENABLE_OBJC_WEAK = YES;
				CLANG_WARN_BLOCK_CAPTURE_AUTORELEASING = YES;
				CLANG_WARN_BOOL_CONVERSION = YES;
				CLANG_WARN_COMMA = YES;
				CLANG_WARN_CONSTANT_CONVERSION = YES;
				CLANG_WARN_DEPRECATED_OBJC_IMPLEMENTATIONS = YES;
				CLANG_WARN_DIRECT_OBJC_ISA_USAGE = YES_ERROR;
				CLANG_WARN_DOCUMENTATION_COMMENTS = YES;
				CLANG_WARN_EMPTY_BODY = YES;
				CLANG_WARN_ENUM_CONVERSION = YES;
				CLANG_WARN_INFINITE_RECURSION = YES;
				CLANG_WARN_INT_CONVERSION = YES;
				CLANG_WARN_NON_LITERAL_NULL_CONVERSION = YES;
				CLANG_WARN_OBJC_IMPLICIT_RETAIN_SELF = YES;
				CLANG_WARN_OBJC_LITERAL_CONVERSION = YES;
				CLANG_WARN_OBJC_ROOT_CLASS = YES_ERROR;
				CLANG_WARN_RANGE_LOOP_ANALYSIS = YES;
				CLANG_WARN_STRICT_PROTOTYPES = YES;
				CLANG_WARN_SUSPICIOUS_MOVE = YES;
				CLANG_WARN_UNGUARDED_AVAILABILITY = YES_AGGRESSIVE;
				CLANG_WARN_UNREACHABLE_CODE = YES;
				CLANG_WARN__DUPLICATE_METHOD_MATCH = YES;
				COPY_PHASE_STRIP = NO;
				DEBUG_INFORMATION_FORMAT = dwarf;
				ENABLE_STRICT_OBJC_MSGSEND = YES;
				ENABLE_TESTABILITY = YES;
				GCC_C_LANGUAGE_STANDARD = gnu11;
				GCC_DYNAMIC_NO_PIC = NO;
				GCC_NO_COMMON_BLOCKS = YES;
				GCC_OPTIMIZATION_LEVEL = 0;
				GCC_PREPROCESSOR_DEFINITIONS = (
					"DEBUG=1",
					"$(inherited)",
				);
				GCC_WARN_64_TO_32_BIT_CONVERSION = YES;
				GCC_WARN_ABOUT_RETURN_TYPE = YES_ERROR;
				GCC_WARN_UNDECLARED_SELECTOR = YES;
				GCC_WARN_UNINITIALIZED_AUTOS = YES_AGGRESSIVE;
				GCC_WARN_UNUSED_FUNCTION = YES;
				GCC_WARN_UNUSED_VARIABLE = YES;
				IPHONEOS_DEPLOYMENT_TARGET = 13.2;
				MTL_ENABLE_DEBUG_INFO = INCLUDE_SOURCE;
				MTL_FAST_MATH = YES;
				ONLY_ACTIVE_ARCH = YES;
				SDKROOT = iphoneos;
			};
			name = Debug;
		};
		695FB24A239BA6AC0051B01F /* Release */ = {
			isa = XCBuildConfiguration;
			buildSettings = {
				ALWAYS_SEARCH_USER_PATHS = NO;
				CLANG_ANALYZER_NONNULL = YES;
				CLANG_ANALYZER_NUMBER_OBJECT_CONVERSION = YES_AGGRESSIVE;
				CLANG_CXX_LANGUAGE_STANDARD = "gnu++14";
				CLANG_CXX_LIBRARY = "libc++";
				CLANG_ENABLE_MODULES = YES;
				CLANG_ENABLE_OBJC_ARC = YES;
				CLANG_ENABLE_OBJC_WEAK = YES;
				CLANG_WARN_BLOCK_CAPTURE_AUTORELEASING = YES;
				CLANG_WARN_BOOL_CONVERSION = YES;
				CLANG_WARN_COMMA = YES;
				CLANG_WARN_CONSTANT_CONVERSION = YES;
				CLANG_WARN_DEPRECATED_OBJC_IMPLEMENTATIONS = YES;
				CLANG_WARN_DIRECT_OBJC_ISA_USAGE = YES_ERROR;
				CLANG_WARN_DOCUMENTATION_COMMENTS = YES;
				CLANG_WARN_EMPTY_BODY = YES;
				CLANG_WARN_ENUM_CONVERSION = YES;
				CLANG_WARN_INFINITE_RECURSION = YES;
				CLANG_WARN_INT_CONVERSION = YES;
				CLANG_WARN_NON_LITERAL_NULL_CONVERSION = YES;
				CLANG_WARN_OBJC_IMPLICIT_RETAIN_SELF = YES;
				CLANG_WARN_OBJC_LITERAL_CONVERSION = YES;
				CLANG_WARN_OBJC_ROOT_CLASS = YES_ERROR;
				CLANG_WARN_RANGE_LOOP_ANALYSIS = YES;
				CLANG_WARN_STRICT_PROTOTYPES = YES;
				CLANG_WARN_SUSPICIOUS_MOVE = YES;
				CLANG_WARN_UNGUARDED_AVAILABILITY = YES_AGGRESSIVE;
				CLANG_WARN_UNREACHABLE_CODE = YES;
				CLANG_WARN__DUPLICATE_METHOD_MATCH = YES;
				COPY_PHASE_STRIP = NO;
				DEBUG_INFORMATION_FORMAT = "dwarf-with-dsym";
				ENABLE_NS_ASSERTIONS = NO;
				ENABLE_STRICT_OBJC_MSGSEND = YES;
				GCC_C_LANGUAGE_STANDARD = gnu11;
				GCC_NO_COMMON_BLOCKS = YES;
				GCC_WARN_64_TO_32_BIT_CONVERSION = YES;
				GCC_WARN_ABOUT_RETURN_TYPE = YES_ERROR;
				GCC_WARN_UNDECLARED_SELECTOR = YES;
				GCC_WARN_UNINITIALIZED_AUTOS = YES_AGGRESSIVE;
				GCC_WARN_UNUSED_FUNCTION = YES;
				GCC_WARN_UNUSED_VARIABLE = YES;
				IPHONEOS_DEPLOYMENT_TARGET = 13.2;
				MTL_ENABLE_DEBUG_INFO = NO;
				MTL_FAST_MATH = YES;
				SDKROOT = iphoneos;
				VALIDATE_PRODUCT = YES;
			};
			name = Release;
		};
		695FB24C239BA6AC0051B01F /* Debug */ = {
			isa = XCBuildConfiguration;
			buildSettings = {
				ASSETCATALOG_COMPILER_APPICON_NAME = AppIcon;
				CODE_SIGN_STYLE = Automatic;
				DEVELOPMENT_TEAM = 9KRVCD6899;
				INFOPLIST_FILE = StructsHomework/Info.plist;
				LD_RUNPATH_SEARCH_PATHS = (
					"$(inherited)",
					"@executable_path/Frameworks",
				);
				PRODUCT_BUNDLE_IDENTIFIER = com.buckwheat.StructsHomework;
				PRODUCT_NAME = "$(TARGET_NAME)";
				TARGETED_DEVICE_FAMILY = "1,2";
			};
			name = Debug;
		};
		695FB24D239BA6AC0051B01F /* Release */ = {
			isa = XCBuildConfiguration;
			buildSettings = {
				ASSETCATALOG_COMPILER_APPICON_NAME = AppIcon;
				CODE_SIGN_STYLE = Automatic;
				DEVELOPMENT_TEAM = 9KRVCD6899;
				INFOPLIST_FILE = StructsHomework/Info.plist;
				LD_RUNPATH_SEARCH_PATHS = (
					"$(inherited)",
					"@executable_path/Frameworks",
				);
				PRODUCT_BUNDLE_IDENTIFIER = com.buckwheat.StructsHomework;
				PRODUCT_NAME = "$(TARGET_NAME)";
				TARGETED_DEVICE_FAMILY = "1,2";
			};
			name = Release;
		};
/* End XCBuildConfiguration section */

/* Begin XCConfigurationList section */
		695FB22D239BA6AA0051B01F /* Build configuration list for PBXProject "StructsHomework" */ = {
			isa = XCConfigurationList;
			buildConfigurations = (
				695FB249239BA6AC0051B01F /* Debug */,
				695FB24A239BA6AC0051B01F /* Release */,
			);
			defaultConfigurationIsVisible = 0;
			defaultConfigurationName = Release;
		};
		695FB24B239BA6AC0051B01F /* Build configuration list for PBXNativeTarget "StructsHomework" */ = {
			isa = XCConfigurationList;
			buildConfigurations = (
				695FB24C239BA6AC0051B01F /* Debug */,
				695FB24D239BA6AC0051B01F /* Release */,
			);
			defaultConfigurationIsVisible = 0;
			defaultConfigurationName = Release;
		};
/* End XCConfigurationList section */
	};
	rootObject = 695FB22A239BA6AA0051B01F /* Project object */;
}
